// !$*UTF8*$!
{
	archiveVersion = 1;
	classes = {
	};
	objectVersion = 56;
	objects = {

/* Begin PBXBuildFile section */
		E2A5F0CD29C1B4F70002C2C6 /* ThemeManager.swift in Sources */ = {isa = PBXBuildFile; fileRef = E2A5F0CC29C1B4F70002C2C6 /* ThemeManager.swift */; };
		E2A5F0CF29C1B56B0002C2C6 /* NoificationKeys.swift in Sources */ = {isa = PBXBuildFile; fileRef = E2A5F0CE29C1B56B0002C2C6 /* NoificationKeys.swift */; };
		E2A5F0D129C1B6390002C2C6 /* CustomView.swift in Sources */ = {isa = PBXBuildFile; fileRef = E2A5F0D029C1B6390002C2C6 /* CustomView.swift */; };
		E2B5CA6429CAE6100005C89F /* Home.swift in Sources */ = {isa = PBXBuildFile; fileRef = E2B5CA6029CAE6100005C89F /* Home.swift */; };
		E2B5CA6529CAE6100005C89F /* TopBar.swift in Sources */ = {isa = PBXBuildFile; fileRef = E2B5CA6129CAE6100005C89F /* TopBar.swift */; };
		E2B5CA6629CAE6100005C89F /* MainView.swift in Sources */ = {isa = PBXBuildFile; fileRef = E2B5CA6229CAE6100005C89F /* MainView.swift */; };
		E2B5CA6A29CAE7940005C89F /* Kingfisher in Frameworks */ = {isa = PBXBuildFile; productRef = E2B5CA6929CAE7940005C89F /* Kingfisher */; };
		E2B5CA6C29CAE8410005C89F /* SlideMenu.swift in Sources */ = {isa = PBXBuildFile; fileRef = E2B5CA6B29CAE8410005C89F /* SlideMenu.swift */; };
		E2FAFBE729C02754002E931B /* SwiftUI_BoilerPlateApp.swift in Sources */ = {isa = PBXBuildFile; fileRef = E2FAFBE629C02754002E931B /* SwiftUI_BoilerPlateApp.swift */; };
		E2FAFBE929C02754002E931B /* ContentView.swift in Sources */ = {isa = PBXBuildFile; fileRef = E2FAFBE829C02754002E931B /* ContentView.swift */; };
		E2FAFBEB29C02756002E931B /* Assets.xcassets in Resources */ = {isa = PBXBuildFile; fileRef = E2FAFBEA29C02756002E931B /* Assets.xcassets */; };
		E2FAFBEE29C02756002E931B /* Preview Assets.xcassets in Resources */ = {isa = PBXBuildFile; fileRef = E2FAFBED29C02756002E931B /* Preview Assets.xcassets */; };
		E2FAFC1129C02799002E931B /* URLConvertible.swift in Sources */ = {isa = PBXBuildFile; fileRef = E2FAFBF529C02799002E931B /* URLConvertible.swift */; };
		E2FAFC1229C02799002E931B /* ParameterEncoding.swift in Sources */ = {isa = PBXBuildFile; fileRef = E2FAFBF629C02799002E931B /* ParameterEncoding.swift */; };
		E2FAFC1329C02799002E931B /* DataTransferService.swift in Sources */ = {isa = PBXBuildFile; fileRef = E2FAFBF729C02799002E931B /* DataTransferService.swift */; };
		E2FAFC1429C02799002E931B /* NetworkService.swift in Sources */ = {isa = PBXBuildFile; fileRef = E2FAFBF829C02799002E931B /* NetworkService.swift */; };
		E2FAFC1529C02799002E931B /* NerworkConfigurable.swift in Sources */ = {isa = PBXBuildFile; fileRef = E2FAFBF929C02799002E931B /* NerworkConfigurable.swift */; };
		E2FAFC1629C02799002E931B /* Reusable.swift in Sources */ = {isa = PBXBuildFile; fileRef = E2FAFBFC29C02799002E931B /* Reusable.swift */; };
		E2FAFC1729C02799002E931B /* RepositoryTask.swift in Sources */ = {isa = PBXBuildFile; fileRef = E2FAFBFD29C02799002E931B /* RepositoryTask.swift */; };
		E2FAFC1829C02799002E931B /* Error+Extension.swift in Sources */ = {isa = PBXBuildFile; fileRef = E2FAFBFF29C02799002E931B /* Error+Extension.swift */; };
		E2FAFC1929C02799002E931B /* DomainError.swift in Sources */ = {isa = PBXBuildFile; fileRef = E2FAFC0029C02799002E931B /* DomainError.swift */; };
		E2FAFC1A29C02799002E931B /* XMLStackParser.swift in Sources */ = {isa = PBXBuildFile; fileRef = E2FAFC0229C02799002E931B /* XMLStackParser.swift */; };
		E2FAFC1B29C02799002E931B /* XMLReferencingEncoder.swift in Sources */ = {isa = PBXBuildFile; fileRef = E2FAFC0429C02799002E931B /* XMLReferencingEncoder.swift */; };
		E2FAFC1C29C02799002E931B /* EncodingErrorExtension.swift in Sources */ = {isa = PBXBuildFile; fileRef = E2FAFC0529C02799002E931B /* EncodingErrorExtension.swift */; };
		E2FAFC1D29C02799002E931B /* XMLEncoder.swift in Sources */ = {isa = PBXBuildFile; fileRef = E2FAFC0629C02799002E931B /* XMLEncoder.swift */; };
		E2FAFC1E29C02799002E931B /* XMLEncodingStorage.swift in Sources */ = {isa = PBXBuildFile; fileRef = E2FAFC0729C02799002E931B /* XMLEncodingStorage.swift */; };
		E2FAFC1F29C02799002E931B /* DecodingErrorExtension.swift in Sources */ = {isa = PBXBuildFile; fileRef = E2FAFC0929C02799002E931B /* DecodingErrorExtension.swift */; };
		E2FAFC2029C02799002E931B /* XMLUnkeyedDecodingContainer.swift in Sources */ = {isa = PBXBuildFile; fileRef = E2FAFC0A29C02799002E931B /* XMLUnkeyedDecodingContainer.swift */; };
		E2FAFC2129C02799002E931B /* XMLKeyedDecodingContainer.swift in Sources */ = {isa = PBXBuildFile; fileRef = E2FAFC0B29C02799002E931B /* XMLKeyedDecodingContainer.swift */; };
		E2FAFC2229C02799002E931B /* XMLDecodingStorage.swift in Sources */ = {isa = PBXBuildFile; fileRef = E2FAFC0C29C02799002E931B /* XMLDecodingStorage.swift */; };
		E2FAFC2329C02799002E931B /* XMLDecoder.swift in Sources */ = {isa = PBXBuildFile; fileRef = E2FAFC0D29C02799002E931B /* XMLDecoder.swift */; };
		E2FAFC2429C02799002E931B /* XMLKey.swift in Sources */ = {isa = PBXBuildFile; fileRef = E2FAFC0E29C02799002E931B /* XMLKey.swift */; };
		E2FAFC2529C02799002E931B /* ISODateFormatter.swift in Sources */ = {isa = PBXBuildFile; fileRef = E2FAFC0F29C02799002E931B /* ISODateFormatter.swift */; };
		E2FAFC2629C02799002E931B /* Endpoint.swift in Sources */ = {isa = PBXBuildFile; fileRef = E2FAFC1029C02799002E931B /* Endpoint.swift */; };
		E2FAFC3629C0283C002E931B /* AppConfiguration.swift in Sources */ = {isa = PBXBuildFile; fileRef = E2FAFC2929C0283B002E931B /* AppConfiguration.swift */; };
		E2FAFC3729C0283C002E931B /* Debug.xcconfig in Resources */ = {isa = PBXBuildFile; fileRef = E2FAFC2A29C0283B002E931B /* Debug.xcconfig */; };
		E2FAFC3829C0283C002E931B /* Release.xcconfig in Resources */ = {isa = PBXBuildFile; fileRef = E2FAFC2B29C0283B002E931B /* Release.xcconfig */; };
		E2FAFC3929C0283C002E931B /* KeychainAccess.swift in Sources */ = {isa = PBXBuildFile; fileRef = E2FAFC2D29C0283C002E931B /* KeychainAccess.swift */; };
		E2FAFC3A29C0283C002E931B /* UserDefaultKey.swift in Sources */ = {isa = PBXBuildFile; fileRef = E2FAFC2F29C0283C002E931B /* UserDefaultKey.swift */; };
		E2FAFC3B29C0283C002E931B /* UserAuthenticationSessionManager.swift in Sources */ = {isa = PBXBuildFile; fileRef = E2FAFC3129C0283C002E931B /* UserAuthenticationSessionManager.swift */; };
		E2FAFC3C29C0283C002E931B /* AppDataTransferService.swift in Sources */ = {isa = PBXBuildFile; fileRef = E2FAFC3229C0283C002E931B /* AppDataTransferService.swift */; };
		E2FAFC3D29C0283C002E931B /* ImagePicker.swift in Sources */ = {isa = PBXBuildFile; fileRef = E2FAFC3429C0283C002E931B /* ImagePicker.swift */; };
		E2FAFC3E29C0283C002E931B /* Extensions.swift in Sources */ = {isa = PBXBuildFile; fileRef = E2FAFC3529C0283C002E931B /* Extensions.swift */; };
		E2FAFC4229C02910002E931B /* KeychainAccess in Frameworks */ = {isa = PBXBuildFile; productRef = E2FAFC4129C02910002E931B /* KeychainAccess */; };
		E2FAFC6329C0297F002E931B /* AuthViewModel.swift in Sources */ = {isa = PBXBuildFile; fileRef = E2FAFC4529C0297F002E931B /* AuthViewModel.swift */; };
		E2FAFC6429C0297F002E931B /* AuthProvider.swift in Sources */ = {isa = PBXBuildFile; fileRef = E2FAFC4829C0297F002E931B /* AuthProvider.swift */; };
		E2FAFC6529C0297F002E931B /* RegisterResponseDTO.swift in Sources */ = {isa = PBXBuildFile; fileRef = E2FAFC4B29C0297F002E931B /* RegisterResponseDTO.swift */; };
		E2FAFC6629C0297F002E931B /* LoginResponseDTO.swift in Sources */ = {isa = PBXBuildFile; fileRef = E2FAFC4C29C0297F002E931B /* LoginResponseDTO.swift */; };
		E2FAFC6729C0297F002E931B /* AuthenticationEndPoints.swift in Sources */ = {isa = PBXBuildFile; fileRef = E2FAFC4D29C0297F002E931B /* AuthenticationEndPoints.swift */; };
		E2FAFC6829C0297F002E931B /* LoginResponseDTO+Mapping.swift in Sources */ = {isa = PBXBuildFile; fileRef = E2FAFC4F29C0297F002E931B /* LoginResponseDTO+Mapping.swift */; };
		E2FAFC6929C0297F002E931B /* LoginRequestDTO.swift in Sources */ = {isa = PBXBuildFile; fileRef = E2FAFC5129C0297F002E931B /* LoginRequestDTO.swift */; };
		E2FAFC6A29C0297F002E931B /* RegisterRequestDTO.swift in Sources */ = {isa = PBXBuildFile; fileRef = E2FAFC5229C0297F002E931B /* RegisterRequestDTO.swift */; };
		E2FAFC6B29C0297F002E931B /* LoginDataStore.swift in Sources */ = {isa = PBXBuildFile; fileRef = E2FAFC5429C0297F002E931B /* LoginDataStore.swift */; };
		E2FAFC6C29C0297F002E931B /* DefaultAuthenticationRepository.swift in Sources */ = {isa = PBXBuildFile; fileRef = E2FAFC5629C0297F002E931B /* DefaultAuthenticationRepository.swift */; };
		E2FAFC6D29C0297F002E931B /* LoginInfo.swift in Sources */ = {isa = PBXBuildFile; fileRef = E2FAFC5929C0297F002E931B /* LoginInfo.swift */; };
		E2FAFC6E29C0297F002E931B /* UserInfo.swift in Sources */ = {isa = PBXBuildFile; fileRef = E2FAFC5A29C0297F002E931B /* UserInfo.swift */; };
		E2FAFC6F29C0297F002E931B /* RegisterInfo.swift in Sources */ = {isa = PBXBuildFile; fileRef = E2FAFC5B29C0297F002E931B /* RegisterInfo.swift */; };
		E2FAFC7029C0297F002E931B /* UserAccessInfo.swift in Sources */ = {isa = PBXBuildFile; fileRef = E2FAFC5C29C0297F002E931B /* UserAccessInfo.swift */; };
		E2FAFC7129C0297F002E931B /* AuthenticaionRepository.swift in Sources */ = {isa = PBXBuildFile; fileRef = E2FAFC5E29C0297F002E931B /* AuthenticaionRepository.swift */; };
		E2FAFC7229C0297F002E931B /* LoginView.swift in Sources */ = {isa = PBXBuildFile; fileRef = E2FAFC6029C0297F002E931B /* LoginView.swift */; };
		E2FAFC7329C0297F002E931B /* WelcomeView.swift in Sources */ = {isa = PBXBuildFile; fileRef = E2FAFC6129C0297F002E931B /* WelcomeView.swift */; };
		E2FAFC7429C0297F002E931B /* RegisterView.swift in Sources */ = {isa = PBXBuildFile; fileRef = E2FAFC6229C0297F002E931B /* RegisterView.swift */; };
		E2FAFC7C29C02A59002E931B /* MultilineTextfield.swift in Sources */ = {isa = PBXBuildFile; fileRef = E2FAFC7629C02A59002E931B /* MultilineTextfield.swift */; };
		E2FAFC7D29C02A59002E931B /* CustomTextField.swift in Sources */ = {isa = PBXBuildFile; fileRef = E2FAFC7729C02A59002E931B /* CustomTextField.swift */; };
		E2FAFC7E29C02A59002E931B /* SecureTextField.swift in Sources */ = {isa = PBXBuildFile; fileRef = E2FAFC7829C02A59002E931B /* SecureTextField.swift */; };
		E2FAFC7F29C02A59002E931B /* RefreshableScrollView.swift in Sources */ = {isa = PBXBuildFile; fileRef = E2FAFC7929C02A59002E931B /* RefreshableScrollView.swift */; };
		E2FAFC8029C02A59002E931B /* SearchBar.swift in Sources */ = {isa = PBXBuildFile; fileRef = E2FAFC7A29C02A59002E931B /* SearchBar.swift */; };
		E2FAFC8129C02A59002E931B /* TabButton.swift in Sources */ = {isa = PBXBuildFile; fileRef = E2FAFC7B29C02A59002E931B /* TabButton.swift */; };
/* End PBXBuildFile section */

/* Begin PBXFileReference section */
		E2A5F0CC29C1B4F70002C2C6 /* ThemeManager.swift */ = {isa = PBXFileReference; lastKnownFileType = sourcecode.swift; path = ThemeManager.swift; sourceTree = "<group>"; };
		E2A5F0CE29C1B56B0002C2C6 /* NoificationKeys.swift */ = {isa = PBXFileReference; lastKnownFileType = sourcecode.swift; path = NoificationKeys.swift; sourceTree = "<group>"; };
		E2A5F0D029C1B6390002C2C6 /* CustomView.swift */ = {isa = PBXFileReference; lastKnownFileType = sourcecode.swift; path = CustomView.swift; sourceTree = "<group>"; };
		E2B5CA6029CAE6100005C89F /* Home.swift */ = {isa = PBXFileReference; fileEncoding = 4; lastKnownFileType = sourcecode.swift; path = Home.swift; sourceTree = "<group>"; };
		E2B5CA6129CAE6100005C89F /* TopBar.swift */ = {isa = PBXFileReference; fileEncoding = 4; lastKnownFileType = sourcecode.swift; path = TopBar.swift; sourceTree = "<group>"; };
		E2B5CA6229CAE6100005C89F /* MainView.swift */ = {isa = PBXFileReference; fileEncoding = 4; lastKnownFileType = sourcecode.swift; path = MainView.swift; sourceTree = "<group>"; };
		E2B5CA6B29CAE8410005C89F /* SlideMenu.swift */ = {isa = PBXFileReference; lastKnownFileType = sourcecode.swift; path = SlideMenu.swift; sourceTree = "<group>"; };
		E2FAFBE329C02754002E931B /* EasyCharging.app */ = {isa = PBXFileReference; explicitFileType = wrapper.application; includeInIndex = 0; path = EasyCharging.app; sourceTree = BUILT_PRODUCTS_DIR; };
		E2FAFBE629C02754002E931B /* SwiftUI_BoilerPlateApp.swift */ = {isa = PBXFileReference; lastKnownFileType = sourcecode.swift; path = SwiftUI_BoilerPlateApp.swift; sourceTree = "<group>"; };
		E2FAFBE829C02754002E931B /* ContentView.swift */ = {isa = PBXFileReference; lastKnownFileType = sourcecode.swift; path = ContentView.swift; sourceTree = "<group>"; };
		E2FAFBEA29C02756002E931B /* Assets.xcassets */ = {isa = PBXFileReference; lastKnownFileType = folder.assetcatalog; path = Assets.xcassets; sourceTree = "<group>"; };
		E2FAFBED29C02756002E931B /* Preview Assets.xcassets */ = {isa = PBXFileReference; lastKnownFileType = folder.assetcatalog; path = "Preview Assets.xcassets"; sourceTree = "<group>"; };
		E2FAFBF529C02799002E931B /* URLConvertible.swift */ = {isa = PBXFileReference; fileEncoding = 4; lastKnownFileType = sourcecode.swift; path = URLConvertible.swift; sourceTree = "<group>"; };
		E2FAFBF629C02799002E931B /* ParameterEncoding.swift */ = {isa = PBXFileReference; fileEncoding = 4; lastKnownFileType = sourcecode.swift; path = ParameterEncoding.swift; sourceTree = "<group>"; };
		E2FAFBF729C02799002E931B /* DataTransferService.swift */ = {isa = PBXFileReference; fileEncoding = 4; lastKnownFileType = sourcecode.swift; path = DataTransferService.swift; sourceTree = "<group>"; };
		E2FAFBF829C02799002E931B /* NetworkService.swift */ = {isa = PBXFileReference; fileEncoding = 4; lastKnownFileType = sourcecode.swift; path = NetworkService.swift; sourceTree = "<group>"; };
		E2FAFBF929C02799002E931B /* NerworkConfigurable.swift */ = {isa = PBXFileReference; fileEncoding = 4; lastKnownFileType = sourcecode.swift; path = NerworkConfigurable.swift; sourceTree = "<group>"; };
		E2FAFBFC29C02799002E931B /* Reusable.swift */ = {isa = PBXFileReference; fileEncoding = 4; lastKnownFileType = sourcecode.swift; path = Reusable.swift; sourceTree = "<group>"; };
		E2FAFBFD29C02799002E931B /* RepositoryTask.swift */ = {isa = PBXFileReference; fileEncoding = 4; lastKnownFileType = sourcecode.swift; path = RepositoryTask.swift; sourceTree = "<group>"; };
		E2FAFBFF29C02799002E931B /* Error+Extension.swift */ = {isa = PBXFileReference; fileEncoding = 4; lastKnownFileType = sourcecode.swift; path = "Error+Extension.swift"; sourceTree = "<group>"; };
		E2FAFC0029C02799002E931B /* DomainError.swift */ = {isa = PBXFileReference; fileEncoding = 4; lastKnownFileType = sourcecode.swift; path = DomainError.swift; sourceTree = "<group>"; };
		E2FAFC0229C02799002E931B /* XMLStackParser.swift */ = {isa = PBXFileReference; fileEncoding = 4; lastKnownFileType = sourcecode.swift; path = XMLStackParser.swift; sourceTree = "<group>"; };
		E2FAFC0429C02799002E931B /* XMLReferencingEncoder.swift */ = {isa = PBXFileReference; fileEncoding = 4; lastKnownFileType = sourcecode.swift; path = XMLReferencingEncoder.swift; sourceTree = "<group>"; };
		E2FAFC0529C02799002E931B /* EncodingErrorExtension.swift */ = {isa = PBXFileReference; fileEncoding = 4; lastKnownFileType = sourcecode.swift; path = EncodingErrorExtension.swift; sourceTree = "<group>"; };
		E2FAFC0629C02799002E931B /* XMLEncoder.swift */ = {isa = PBXFileReference; fileEncoding = 4; lastKnownFileType = sourcecode.swift; path = XMLEncoder.swift; sourceTree = "<group>"; };
		E2FAFC0729C02799002E931B /* XMLEncodingStorage.swift */ = {isa = PBXFileReference; fileEncoding = 4; lastKnownFileType = sourcecode.swift; path = XMLEncodingStorage.swift; sourceTree = "<group>"; };
		E2FAFC0929C02799002E931B /* DecodingErrorExtension.swift */ = {isa = PBXFileReference; fileEncoding = 4; lastKnownFileType = sourcecode.swift; path = DecodingErrorExtension.swift; sourceTree = "<group>"; };
		E2FAFC0A29C02799002E931B /* XMLUnkeyedDecodingContainer.swift */ = {isa = PBXFileReference; fileEncoding = 4; lastKnownFileType = sourcecode.swift; path = XMLUnkeyedDecodingContainer.swift; sourceTree = "<group>"; };
		E2FAFC0B29C02799002E931B /* XMLKeyedDecodingContainer.swift */ = {isa = PBXFileReference; fileEncoding = 4; lastKnownFileType = sourcecode.swift; path = XMLKeyedDecodingContainer.swift; sourceTree = "<group>"; };
		E2FAFC0C29C02799002E931B /* XMLDecodingStorage.swift */ = {isa = PBXFileReference; fileEncoding = 4; lastKnownFileType = sourcecode.swift; path = XMLDecodingStorage.swift; sourceTree = "<group>"; };
		E2FAFC0D29C02799002E931B /* XMLDecoder.swift */ = {isa = PBXFileReference; fileEncoding = 4; lastKnownFileType = sourcecode.swift; path = XMLDecoder.swift; sourceTree = "<group>"; };
		E2FAFC0E29C02799002E931B /* XMLKey.swift */ = {isa = PBXFileReference; fileEncoding = 4; lastKnownFileType = sourcecode.swift; path = XMLKey.swift; sourceTree = "<group>"; };
		E2FAFC0F29C02799002E931B /* ISODateFormatter.swift */ = {isa = PBXFileReference; fileEncoding = 4; lastKnownFileType = sourcecode.swift; path = ISODateFormatter.swift; sourceTree = "<group>"; };
		E2FAFC1029C02799002E931B /* Endpoint.swift */ = {isa = PBXFileReference; fileEncoding = 4; lastKnownFileType = sourcecode.swift; path = Endpoint.swift; sourceTree = "<group>"; };
		E2FAFC2929C0283B002E931B /* AppConfiguration.swift */ = {isa = PBXFileReference; fileEncoding = 4; lastKnownFileType = sourcecode.swift; path = AppConfiguration.swift; sourceTree = "<group>"; };
		E2FAFC2A29C0283B002E931B /* Debug.xcconfig */ = {isa = PBXFileReference; fileEncoding = 4; lastKnownFileType = text.xcconfig; path = Debug.xcconfig; sourceTree = "<group>"; };
		E2FAFC2B29C0283B002E931B /* Release.xcconfig */ = {isa = PBXFileReference; fileEncoding = 4; lastKnownFileType = text.xcconfig; path = Release.xcconfig; sourceTree = "<group>"; };
		E2FAFC2D29C0283C002E931B /* KeychainAccess.swift */ = {isa = PBXFileReference; fileEncoding = 4; lastKnownFileType = sourcecode.swift; path = KeychainAccess.swift; sourceTree = "<group>"; };
		E2FAFC2F29C0283C002E931B /* UserDefaultKey.swift */ = {isa = PBXFileReference; fileEncoding = 4; lastKnownFileType = sourcecode.swift; path = UserDefaultKey.swift; sourceTree = "<group>"; };
		E2FAFC3129C0283C002E931B /* UserAuthenticationSessionManager.swift */ = {isa = PBXFileReference; fileEncoding = 4; lastKnownFileType = sourcecode.swift; path = UserAuthenticationSessionManager.swift; sourceTree = "<group>"; };
		E2FAFC3229C0283C002E931B /* AppDataTransferService.swift */ = {isa = PBXFileReference; fileEncoding = 4; lastKnownFileType = sourcecode.swift; path = AppDataTransferService.swift; sourceTree = "<group>"; };
		E2FAFC3429C0283C002E931B /* ImagePicker.swift */ = {isa = PBXFileReference; fileEncoding = 4; lastKnownFileType = sourcecode.swift; path = ImagePicker.swift; sourceTree = "<group>"; };
		E2FAFC3529C0283C002E931B /* Extensions.swift */ = {isa = PBXFileReference; fileEncoding = 4; lastKnownFileType = sourcecode.swift; path = Extensions.swift; sourceTree = "<group>"; };
		E2FAFC3F29C028A6002E931B /* Info.plist */ = {isa = PBXFileReference; lastKnownFileType = text.plist; path = Info.plist; sourceTree = "<group>"; };
		E2FAFC4529C0297F002E931B /* AuthViewModel.swift */ = {isa = PBXFileReference; fileEncoding = 4; lastKnownFileType = sourcecode.swift; path = AuthViewModel.swift; sourceTree = "<group>"; };
		E2FAFC4829C0297F002E931B /* AuthProvider.swift */ = {isa = PBXFileReference; fileEncoding = 4; lastKnownFileType = sourcecode.swift; path = AuthProvider.swift; sourceTree = "<group>"; };
		E2FAFC4B29C0297F002E931B /* RegisterResponseDTO.swift */ = {isa = PBXFileReference; fileEncoding = 4; lastKnownFileType = sourcecode.swift; path = RegisterResponseDTO.swift; sourceTree = "<group>"; };
		E2FAFC4C29C0297F002E931B /* LoginResponseDTO.swift */ = {isa = PBXFileReference; fileEncoding = 4; lastKnownFileType = sourcecode.swift; path = LoginResponseDTO.swift; sourceTree = "<group>"; };
		E2FAFC4D29C0297F002E931B /* AuthenticationEndPoints.swift */ = {isa = PBXFileReference; fileEncoding = 4; lastKnownFileType = sourcecode.swift; path = AuthenticationEndPoints.swift; sourceTree = "<group>"; };
		E2FAFC4F29C0297F002E931B /* LoginResponseDTO+Mapping.swift */ = {isa = PBXFileReference; fileEncoding = 4; lastKnownFileType = sourcecode.swift; path = "LoginResponseDTO+Mapping.swift"; sourceTree = "<group>"; };
		E2FAFC5129C0297F002E931B /* LoginRequestDTO.swift */ = {isa = PBXFileReference; fileEncoding = 4; lastKnownFileType = sourcecode.swift; path = LoginRequestDTO.swift; sourceTree = "<group>"; };
		E2FAFC5229C0297F002E931B /* RegisterRequestDTO.swift */ = {isa = PBXFileReference; fileEncoding = 4; lastKnownFileType = sourcecode.swift; path = RegisterRequestDTO.swift; sourceTree = "<group>"; };
		E2FAFC5429C0297F002E931B /* LoginDataStore.swift */ = {isa = PBXFileReference; fileEncoding = 4; lastKnownFileType = sourcecode.swift; path = LoginDataStore.swift; sourceTree = "<group>"; };
		E2FAFC5629C0297F002E931B /* DefaultAuthenticationRepository.swift */ = {isa = PBXFileReference; fileEncoding = 4; lastKnownFileType = sourcecode.swift; path = DefaultAuthenticationRepository.swift; sourceTree = "<group>"; };
		E2FAFC5929C0297F002E931B /* LoginInfo.swift */ = {isa = PBXFileReference; fileEncoding = 4; lastKnownFileType = sourcecode.swift; path = LoginInfo.swift; sourceTree = "<group>"; };
		E2FAFC5A29C0297F002E931B /* UserInfo.swift */ = {isa = PBXFileReference; fileEncoding = 4; lastKnownFileType = sourcecode.swift; path = UserInfo.swift; sourceTree = "<group>"; };
		E2FAFC5B29C0297F002E931B /* RegisterInfo.swift */ = {isa = PBXFileReference; fileEncoding = 4; lastKnownFileType = sourcecode.swift; path = RegisterInfo.swift; sourceTree = "<group>"; };
		E2FAFC5C29C0297F002E931B /* UserAccessInfo.swift */ = {isa = PBXFileReference; fileEncoding = 4; lastKnownFileType = sourcecode.swift; path = UserAccessInfo.swift; sourceTree = "<group>"; };
		E2FAFC5E29C0297F002E931B /* AuthenticaionRepository.swift */ = {isa = PBXFileReference; fileEncoding = 4; lastKnownFileType = sourcecode.swift; path = AuthenticaionRepository.swift; sourceTree = "<group>"; };
		E2FAFC6029C0297F002E931B /* LoginView.swift */ = {isa = PBXFileReference; fileEncoding = 4; lastKnownFileType = sourcecode.swift; path = LoginView.swift; sourceTree = "<group>"; };
		E2FAFC6129C0297F002E931B /* WelcomeView.swift */ = {isa = PBXFileReference; fileEncoding = 4; lastKnownFileType = sourcecode.swift; path = WelcomeView.swift; sourceTree = "<group>"; };
		E2FAFC6229C0297F002E931B /* RegisterView.swift */ = {isa = PBXFileReference; fileEncoding = 4; lastKnownFileType = sourcecode.swift; path = RegisterView.swift; sourceTree = "<group>"; };
		E2FAFC7629C02A59002E931B /* MultilineTextfield.swift */ = {isa = PBXFileReference; fileEncoding = 4; lastKnownFileType = sourcecode.swift; path = MultilineTextfield.swift; sourceTree = "<group>"; };
		E2FAFC7729C02A59002E931B /* CustomTextField.swift */ = {isa = PBXFileReference; fileEncoding = 4; lastKnownFileType = sourcecode.swift; path = CustomTextField.swift; sourceTree = "<group>"; };
		E2FAFC7829C02A59002E931B /* SecureTextField.swift */ = {isa = PBXFileReference; fileEncoding = 4; lastKnownFileType = sourcecode.swift; path = SecureTextField.swift; sourceTree = "<group>"; };
		E2FAFC7929C02A59002E931B /* RefreshableScrollView.swift */ = {isa = PBXFileReference; fileEncoding = 4; lastKnownFileType = sourcecode.swift; path = RefreshableScrollView.swift; sourceTree = "<group>"; };
		E2FAFC7A29C02A59002E931B /* SearchBar.swift */ = {isa = PBXFileReference; fileEncoding = 4; lastKnownFileType = sourcecode.swift; path = SearchBar.swift; sourceTree = "<group>"; };
		E2FAFC7B29C02A59002E931B /* TabButton.swift */ = {isa = PBXFileReference; fileEncoding = 4; lastKnownFileType = sourcecode.swift; path = TabButton.swift; sourceTree = "<group>"; };
/* End PBXFileReference section */

/* Begin PBXFrameworksBuildPhase section */
		E2FAFBE029C02754002E931B /* Frameworks */ = {
			isa = PBXFrameworksBuildPhase;
			buildActionMask = 2147483647;
			files = (
				E2B5CA6A29CAE7940005C89F /* Kingfisher in Frameworks */,
				E2FAFC4229C02910002E931B /* KeychainAccess in Frameworks */,
			);
			runOnlyForDeploymentPostprocessing = 0;
		};
/* End PBXFrameworksBuildPhase section */

/* Begin PBXGroup section */
		E2A5F0CA29C1B4D30002C2C6 /* CustomComponents */ = {
			isa = PBXGroup;
			children = (
				E2FAFC7729C02A59002E931B /* CustomTextField.swift */,
				E2FAFC7629C02A59002E931B /* MultilineTextfield.swift */,
				E2FAFC7929C02A59002E931B /* RefreshableScrollView.swift */,
				E2FAFC7A29C02A59002E931B /* SearchBar.swift */,
				E2FAFC7829C02A59002E931B /* SecureTextField.swift */,
				E2FAFC7B29C02A59002E931B /* TabButton.swift */,
				E2A5F0D029C1B6390002C2C6 /* CustomView.swift */,
			);
			path = CustomComponents;
			sourceTree = "<group>";
		};
		E2A5F0CB29C1B4E50002C2C6 /* ThemeManager */ = {
			isa = PBXGroup;
			children = (
				E2A5F0CC29C1B4F70002C2C6 /* ThemeManager.swift */,
			);
			path = ThemeManager;
			sourceTree = "<group>";
		};
		E2B5CA5F29CAE6100005C89F /* Main */ = {
			isa = PBXGroup;
			children = (
				E2B5CA6029CAE6100005C89F /* Home.swift */,
				E2B5CA6129CAE6100005C89F /* TopBar.swift */,
				E2B5CA6229CAE6100005C89F /* MainView.swift */,
				E2B5CA6B29CAE8410005C89F /* SlideMenu.swift */,
			);
			path = Main;
			sourceTree = "<group>";
		};
		E2FAFBDA29C02754002E931B = {
			isa = PBXGroup;
			children = (
				E2FAFBE529C02754002E931B /* EasyCharging */,
				E2FAFBE429C02754002E931B /* Products */,
			);
			sourceTree = "<group>";
		};
		E2FAFBE429C02754002E931B /* Products */ = {
			isa = PBXGroup;
			children = (
				E2FAFBE329C02754002E931B /* EasyCharging.app */,
			);
			name = Products;
			sourceTree = "<group>";
		};
		E2FAFBE529C02754002E931B /* EasyCharging */ = {
			isa = PBXGroup;
			children = (
				E2FAFC7529C02A0B002E931B /* CoreUI */,
				E2FAFC3F29C028A6002E931B /* Info.plist */,
				E2FAFC2829C0283B002E931B /* Config */,
				E2FAFC2E29C0283C002E931B /* Constants */,
				E2FAFC3329C0283C002E931B /* Extensions */,
				E2FAFC2C29C0283C002E931B /* Helper */,
				E2FAFC3029C0283C002E931B /* Services */,
				E2FAFC2729C027B1002E931B /* View */,
				E2FAFBF429C02799002E931B /* Network */,
				E2FAFBE629C02754002E931B /* SwiftUI_BoilerPlateApp.swift */,
				E2FAFBE829C02754002E931B /* ContentView.swift */,
				E2FAFBEA29C02756002E931B /* Assets.xcassets */,
				E2FAFBEC29C02756002E931B /* Preview Content */,
			);
			path = EasyCharging;
			sourceTree = "<group>";
		};
		E2FAFBEC29C02756002E931B /* Preview Content */ = {
			isa = PBXGroup;
			children = (
				E2FAFBED29C02756002E931B /* Preview Assets.xcassets */,
			);
			path = "Preview Content";
			sourceTree = "<group>";
		};
		E2FAFBF429C02799002E931B /* Network */ = {
			isa = PBXGroup;
			children = (
				E2FAFBF529C02799002E931B /* URLConvertible.swift */,
				E2FAFBF629C02799002E931B /* ParameterEncoding.swift */,
				E2FAFBF729C02799002E931B /* DataTransferService.swift */,
				E2FAFBF829C02799002E931B /* NetworkService.swift */,
				E2FAFBF929C02799002E931B /* NerworkConfigurable.swift */,
				E2FAFBFA29C02799002E931B /* Common */,
				E2FAFC0129C02799002E931B /* CodableXML */,
				E2FAFC1029C02799002E931B /* Endpoint.swift */,
			);
			path = Network;
			sourceTree = "<group>";
		};
		E2FAFBFA29C02799002E931B /* Common */ = {
			isa = PBXGroup;
			children = (
				E2FAFBFB29C02799002E931B /* Utils */,
				E2FAFBFD29C02799002E931B /* RepositoryTask.swift */,
				E2FAFBFE29C02799002E931B /* Error */,
			);
			path = Common;
			sourceTree = "<group>";
		};
		E2FAFBFB29C02799002E931B /* Utils */ = {
			isa = PBXGroup;
			children = (
				E2FAFBFC29C02799002E931B /* Reusable.swift */,
			);
			path = Utils;
			sourceTree = "<group>";
		};
		E2FAFBFE29C02799002E931B /* Error */ = {
			isa = PBXGroup;
			children = (
				E2FAFBFF29C02799002E931B /* Error+Extension.swift */,
				E2FAFC0029C02799002E931B /* DomainError.swift */,
			);
			path = Error;
			sourceTree = "<group>";
		};
		E2FAFC0129C02799002E931B /* CodableXML */ = {
			isa = PBXGroup;
			children = (
				E2FAFC0229C02799002E931B /* XMLStackParser.swift */,
				E2FAFC0329C02799002E931B /* Encoder */,
				E2FAFC0829C02799002E931B /* Decoder */,
				E2FAFC0E29C02799002E931B /* XMLKey.swift */,
				E2FAFC0F29C02799002E931B /* ISODateFormatter.swift */,
			);
			path = CodableXML;
			sourceTree = "<group>";
		};
		E2FAFC0329C02799002E931B /* Encoder */ = {
			isa = PBXGroup;
			children = (
				E2FAFC0429C02799002E931B /* XMLReferencingEncoder.swift */,
				E2FAFC0529C02799002E931B /* EncodingErrorExtension.swift */,
				E2FAFC0629C02799002E931B /* XMLEncoder.swift */,
				E2FAFC0729C02799002E931B /* XMLEncodingStorage.swift */,
			);
			path = Encoder;
			sourceTree = "<group>";
		};
		E2FAFC0829C02799002E931B /* Decoder */ = {
			isa = PBXGroup;
			children = (
				E2FAFC0929C02799002E931B /* DecodingErrorExtension.swift */,
				E2FAFC0A29C02799002E931B /* XMLUnkeyedDecodingContainer.swift */,
				E2FAFC0B29C02799002E931B /* XMLKeyedDecodingContainer.swift */,
				E2FAFC0C29C02799002E931B /* XMLDecodingStorage.swift */,
				E2FAFC0D29C02799002E931B /* XMLDecoder.swift */,
			);
			path = Decoder;
			sourceTree = "<group>";
		};
		E2FAFC2729C027B1002E931B /* View */ = {
			isa = PBXGroup;
			children = (
				E2B5CA5F29CAE6100005C89F /* Main */,
				E2FAFC4329C0297F002E931B /* Authentication */,
			);
			path = View;
			sourceTree = "<group>";
		};
		E2FAFC2829C0283B002E931B /* Config */ = {
			isa = PBXGroup;
			children = (
				E2FAFC2929C0283B002E931B /* AppConfiguration.swift */,
				E2FAFC2A29C0283B002E931B /* Debug.xcconfig */,
				E2FAFC2B29C0283B002E931B /* Release.xcconfig */,
			);
			path = Config;
			sourceTree = "<group>";
		};
		E2FAFC2C29C0283C002E931B /* Helper */ = {
			isa = PBXGroup;
			children = (
				E2FAFC2D29C0283C002E931B /* KeychainAccess.swift */,
			);
			path = Helper;
			sourceTree = "<group>";
		};
		E2FAFC2E29C0283C002E931B /* Constants */ = {
			isa = PBXGroup;
			children = (
				E2FAFC2F29C0283C002E931B /* UserDefaultKey.swift */,
			);
			path = Constants;
			sourceTree = "<group>";
		};
		E2FAFC3029C0283C002E931B /* Services */ = {
			isa = PBXGroup;
			children = (
				E2FAFC3129C0283C002E931B /* UserAuthenticationSessionManager.swift */,
				E2FAFC3229C0283C002E931B /* AppDataTransferService.swift */,
			);
			path = Services;
			sourceTree = "<group>";
		};
		E2FAFC3329C0283C002E931B /* Extensions */ = {
			isa = PBXGroup;
			children = (
				E2FAFC3429C0283C002E931B /* ImagePicker.swift */,
				E2FAFC3529C0283C002E931B /* Extensions.swift */,
			);
			path = Extensions;
			sourceTree = "<group>";
		};
		E2FAFC4329C0297F002E931B /* Authentication */ = {
			isa = PBXGroup;
			children = (
				E2FAFC4429C0297F002E931B /* ViewModel */,
				E2FAFC4629C0297F002E931B /* Network */,
				E2FAFC5F29C0297F002E931B /* View */,
			);
			path = Authentication;
			sourceTree = "<group>";
		};
		E2FAFC4429C0297F002E931B /* ViewModel */ = {
			isa = PBXGroup;
			children = (
				E2FAFC4529C0297F002E931B /* AuthViewModel.swift */,
			);
			path = ViewModel;
			sourceTree = "<group>";
		};
		E2FAFC4629C0297F002E931B /* Network */ = {
			isa = PBXGroup;
			children = (
				E2FAFC4729C0297F002E931B /* Data */,
				E2FAFC5729C0297F002E931B /* Domain */,
			);
			path = Network;
			sourceTree = "<group>";
		};
		E2FAFC4729C0297F002E931B /* Data */ = {
			isa = PBXGroup;
			children = (
				E2FAFC4829C0297F002E931B /* AuthProvider.swift */,
				E2FAFC4929C0297F002E931B /* Network */,
				E2FAFC5329C0297F002E931B /* DataStore */,
				E2FAFC5529C0297F002E931B /* Repo */,
			);
			path = Data;
			sourceTree = "<group>";
		};
		E2FAFC4929C0297F002E931B /* Network */ = {
			isa = PBXGroup;
			children = (
				E2FAFC4A29C0297F002E931B /* Response */,
				E2FAFC4D29C0297F002E931B /* AuthenticationEndPoints.swift */,
				E2FAFC4E29C0297F002E931B /* DataMapping */,
				E2FAFC5029C0297F002E931B /* Request */,
			);
			path = Network;
			sourceTree = "<group>";
		};
		E2FAFC4A29C0297F002E931B /* Response */ = {
			isa = PBXGroup;
			children = (
				E2FAFC4B29C0297F002E931B /* RegisterResponseDTO.swift */,
				E2FAFC4C29C0297F002E931B /* LoginResponseDTO.swift */,
			);
			path = Response;
			sourceTree = "<group>";
		};
		E2FAFC4E29C0297F002E931B /* DataMapping */ = {
			isa = PBXGroup;
			children = (
				E2FAFC4F29C0297F002E931B /* LoginResponseDTO+Mapping.swift */,
			);
			path = DataMapping;
			sourceTree = "<group>";
		};
		E2FAFC5029C0297F002E931B /* Request */ = {
			isa = PBXGroup;
			children = (
				E2FAFC5129C0297F002E931B /* LoginRequestDTO.swift */,
				E2FAFC5229C0297F002E931B /* RegisterRequestDTO.swift */,
			);
			path = Request;
			sourceTree = "<group>";
		};
		E2FAFC5329C0297F002E931B /* DataStore */ = {
			isa = PBXGroup;
			children = (
				E2FAFC5429C0297F002E931B /* LoginDataStore.swift */,
			);
			path = DataStore;
			sourceTree = "<group>";
		};
		E2FAFC5529C0297F002E931B /* Repo */ = {
			isa = PBXGroup;
			children = (
				E2FAFC5629C0297F002E931B /* DefaultAuthenticationRepository.swift */,
			);
			path = Repo;
			sourceTree = "<group>";
		};
		E2FAFC5729C0297F002E931B /* Domain */ = {
			isa = PBXGroup;
			children = (
				E2FAFC5829C0297F002E931B /* Entity */,
				E2FAFC5D29C0297F002E931B /* Repo */,
			);
			path = Domain;
			sourceTree = "<group>";
		};
		E2FAFC5829C0297F002E931B /* Entity */ = {
			isa = PBXGroup;
			children = (
				E2FAFC5929C0297F002E931B /* LoginInfo.swift */,
				E2FAFC5A29C0297F002E931B /* UserInfo.swift */,
				E2FAFC5B29C0297F002E931B /* RegisterInfo.swift */,
				E2FAFC5C29C0297F002E931B /* UserAccessInfo.swift */,
			);
			path = Entity;
			sourceTree = "<group>";
		};
		E2FAFC5D29C0297F002E931B /* Repo */ = {
			isa = PBXGroup;
			children = (
				E2FAFC5E29C0297F002E931B /* AuthenticaionRepository.swift */,
			);
			path = Repo;
			sourceTree = "<group>";
		};
		E2FAFC5F29C0297F002E931B /* View */ = {
			isa = PBXGroup;
			children = (
				E2FAFC6029C0297F002E931B /* LoginView.swift */,
				E2FAFC6129C0297F002E931B /* WelcomeView.swift */,
				E2FAFC6229C0297F002E931B /* RegisterView.swift */,
			);
			path = View;
			sourceTree = "<group>";
		};
		E2FAFC7529C02A0B002E931B /* CoreUI */ = {
			isa = PBXGroup;
			children = (
				E2A5F0CB29C1B4E50002C2C6 /* ThemeManager */,
				E2A5F0CA29C1B4D30002C2C6 /* CustomComponents */,
				E2A5F0CE29C1B56B0002C2C6 /* NoificationKeys.swift */,
			);
			path = CoreUI;
			sourceTree = "<group>";
		};
/* End PBXGroup section */

/* Begin PBXNativeTarget section */
		E2FAFBE229C02754002E931B /* EasyCharging */ = {
			isa = PBXNativeTarget;
			buildConfigurationList = E2FAFBF129C02756002E931B /* Build configuration list for PBXNativeTarget "EasyCharging" */;
			buildPhases = (
				E2FAFBDF29C02754002E931B /* Sources */,
				E2FAFBE029C02754002E931B /* Frameworks */,
				E2FAFBE129C02754002E931B /* Resources */,
			);
			buildRules = (
			);
			dependencies = (
			);
			name = EasyCharging;
			packageProductDependencies = (
				E2FAFC4129C02910002E931B /* KeychainAccess */,
				E2B5CA6929CAE7940005C89F /* Kingfisher */,
			);
			productName = "SwiftUI-BoilerPlate";
			productReference = E2FAFBE329C02754002E931B /* EasyCharging.app */;
			productType = "com.apple.product-type.application";
		};
/* End PBXNativeTarget section */

/* Begin PBXProject section */
		E2FAFBDB29C02754002E931B /* Project object */ = {
			isa = PBXProject;
			attributes = {
				BuildIndependentTargetsInParallel = 1;
				LastSwiftUpdateCheck = 1420;
				LastUpgradeCheck = 1420;
				TargetAttributes = {
					E2FAFBE229C02754002E931B = {
						CreatedOnToolsVersion = 14.2;
					};
				};
			};
			buildConfigurationList = E2FAFBDE29C02754002E931B /* Build configuration list for PBXProject "EasyCharging" */;
			compatibilityVersion = "Xcode 14.0";
			developmentRegion = en;
			hasScannedForEncodings = 0;
			knownRegions = (
				en,
				Base,
			);
			mainGroup = E2FAFBDA29C02754002E931B;
			packageReferences = (
				E2FAFC4029C02910002E931B /* XCRemoteSwiftPackageReference "KeychainAccess" */,
				E2B5CA6829CAE7940005C89F /* XCRemoteSwiftPackageReference "Kingfisher" */,
			);
			productRefGroup = E2FAFBE429C02754002E931B /* Products */;
			projectDirPath = "";
			projectRoot = "";
			targets = (
				E2FAFBE229C02754002E931B /* EasyCharging */,
			);
		};
/* End PBXProject section */

/* Begin PBXResourcesBuildPhase section */
		E2FAFBE129C02754002E931B /* Resources */ = {
			isa = PBXResourcesBuildPhase;
			buildActionMask = 2147483647;
			files = (
				E2FAFC3829C0283C002E931B /* Release.xcconfig in Resources */,
				E2FAFBEE29C02756002E931B /* Preview Assets.xcassets in Resources */,
				E2FAFBEB29C02756002E931B /* Assets.xcassets in Resources */,
				E2FAFC3729C0283C002E931B /* Debug.xcconfig in Resources */,
			);
			runOnlyForDeploymentPostprocessing = 0;
		};
/* End PBXResourcesBuildPhase section */

/* Begin PBXSourcesBuildPhase section */
		E2FAFBDF29C02754002E931B /* Sources */ = {
			isa = PBXSourcesBuildPhase;
			buildActionMask = 2147483647;
			files = (
				E2FAFC1E29C02799002E931B /* XMLEncodingStorage.swift in Sources */,
				E2FAFC6E29C0297F002E931B /* UserInfo.swift in Sources */,
				E2FAFC7129C0297F002E931B /* AuthenticaionRepository.swift in Sources */,
				E2FAFC2329C02799002E931B /* XMLDecoder.swift in Sources */,
				E2B5CA6429CAE6100005C89F /* Home.swift in Sources */,
				E2FAFC2129C02799002E931B /* XMLKeyedDecodingContainer.swift in Sources */,
				E2FAFBE929C02754002E931B /* ContentView.swift in Sources */,
				E2B5CA6529CAE6100005C89F /* TopBar.swift in Sources */,
				E2FAFC1B29C02799002E931B /* XMLReferencingEncoder.swift in Sources */,
				E2FAFC1529C02799002E931B /* NerworkConfigurable.swift in Sources */,
				E2FAFC8129C02A59002E931B /* TabButton.swift in Sources */,
				E2FAFC7D29C02A59002E931B /* CustomTextField.swift in Sources */,
				E2FAFC1C29C02799002E931B /* EncodingErrorExtension.swift in Sources */,
				E2FAFC2529C02799002E931B /* ISODateFormatter.swift in Sources */,
				E2A5F0CF29C1B56B0002C2C6 /* NoificationKeys.swift in Sources */,
				E2FAFC7429C0297F002E931B /* RegisterView.swift in Sources */,
				E2FAFC1929C02799002E931B /* DomainError.swift in Sources */,
				E2FAFC1129C02799002E931B /* URLConvertible.swift in Sources */,
				E2FAFC6C29C0297F002E931B /* DefaultAuthenticationRepository.swift in Sources */,
				E2FAFC2629C02799002E931B /* Endpoint.swift in Sources */,
				E2FAFC7C29C02A59002E931B /* MultilineTextfield.swift in Sources */,
				E2FAFC3629C0283C002E931B /* AppConfiguration.swift in Sources */,
				E2FAFC6329C0297F002E931B /* AuthViewModel.swift in Sources */,
				E2FAFC1229C02799002E931B /* ParameterEncoding.swift in Sources */,
				E2FAFC1D29C02799002E931B /* XMLEncoder.swift in Sources */,
				E2FAFC1829C02799002E931B /* Error+Extension.swift in Sources */,
				E2FAFC7329C0297F002E931B /* WelcomeView.swift in Sources */,
				E2FAFC2029C02799002E931B /* XMLUnkeyedDecodingContainer.swift in Sources */,
				E2B5CA6C29CAE8410005C89F /* SlideMenu.swift in Sources */,
				E2FAFC3A29C0283C002E931B /* UserDefaultKey.swift in Sources */,
				E2FAFC2429C02799002E931B /* XMLKey.swift in Sources */,
				E2A5F0CD29C1B4F70002C2C6 /* ThemeManager.swift in Sources */,
				E2FAFC1629C02799002E931B /* Reusable.swift in Sources */,
				E2FAFC6829C0297F002E931B /* LoginResponseDTO+Mapping.swift in Sources */,
				E2FAFC6929C0297F002E931B /* LoginRequestDTO.swift in Sources */,
				E2FAFC3E29C0283C002E931B /* Extensions.swift in Sources */,
				E2B5CA6629CAE6100005C89F /* MainView.swift in Sources */,
				E2FAFC6429C0297F002E931B /* AuthProvider.swift in Sources */,
				E2FAFC1A29C02799002E931B /* XMLStackParser.swift in Sources */,
				E2FAFC2229C02799002E931B /* XMLDecodingStorage.swift in Sources */,
				E2FAFC6D29C0297F002E931B /* LoginInfo.swift in Sources */,
				E2FAFC1F29C02799002E931B /* DecodingErrorExtension.swift in Sources */,
				E2FAFC7029C0297F002E931B /* UserAccessInfo.swift in Sources */,
				E2A5F0D129C1B6390002C2C6 /* CustomView.swift in Sources */,
				E2FAFC7E29C02A59002E931B /* SecureTextField.swift in Sources */,
				E2FAFC3C29C0283C002E931B /* AppDataTransferService.swift in Sources */,
				E2FAFC1729C02799002E931B /* RepositoryTask.swift in Sources */,
				E2FAFC7F29C02A59002E931B /* RefreshableScrollView.swift in Sources */,
				E2FAFBE729C02754002E931B /* SwiftUI_BoilerPlateApp.swift in Sources */,
				E2FAFC8029C02A59002E931B /* SearchBar.swift in Sources */,
				E2FAFC7229C0297F002E931B /* LoginView.swift in Sources */,
				E2FAFC1429C02799002E931B /* NetworkService.swift in Sources */,
				E2FAFC1329C02799002E931B /* DataTransferService.swift in Sources */,
				E2FAFC3D29C0283C002E931B /* ImagePicker.swift in Sources */,
				E2FAFC6629C0297F002E931B /* LoginResponseDTO.swift in Sources */,
				E2FAFC6A29C0297F002E931B /* RegisterRequestDTO.swift in Sources */,
				E2FAFC6F29C0297F002E931B /* RegisterInfo.swift in Sources */,
				E2FAFC6729C0297F002E931B /* AuthenticationEndPoints.swift in Sources */,
				E2FAFC6529C0297F002E931B /* RegisterResponseDTO.swift in Sources */,
				E2FAFC3929C0283C002E931B /* KeychainAccess.swift in Sources */,
				E2FAFC3B29C0283C002E931B /* UserAuthenticationSessionManager.swift in Sources */,
				E2FAFC6B29C0297F002E931B /* LoginDataStore.swift in Sources */,
			);
			runOnlyForDeploymentPostprocessing = 0;
		};
/* End PBXSourcesBuildPhase section */

/* Begin XCBuildConfiguration section */
		E2FAFBEF29C02756002E931B /* Debug */ = {
			isa = XCBuildConfiguration;
			baseConfigurationReference = E2FAFC2A29C0283B002E931B /* Debug.xcconfig */;
			buildSettings = {
				ALWAYS_SEARCH_USER_PATHS = NO;
				CLANG_ANALYZER_NONNULL = YES;
				CLANG_ANALYZER_NUMBER_OBJECT_CONVERSION = YES_AGGRESSIVE;
				CLANG_CXX_LANGUAGE_STANDARD = "gnu++20";
				CLANG_ENABLE_MODULES = YES;
				CLANG_ENABLE_OBJC_ARC = YES;
				CLANG_ENABLE_OBJC_WEAK = YES;
				CLANG_WARN_BLOCK_CAPTURE_AUTORELEASING = YES;
				CLANG_WARN_BOOL_CONVERSION = YES;
				CLANG_WARN_COMMA = YES;
				CLANG_WARN_CONSTANT_CONVERSION = YES;
				CLANG_WARN_DEPRECATED_OBJC_IMPLEMENTATIONS = YES;
				CLANG_WARN_DIRECT_OBJC_ISA_USAGE = YES_ERROR;
				CLANG_WARN_DOCUMENTATION_COMMENTS = YES;
				CLANG_WARN_EMPTY_BODY = YES;
				CLANG_WARN_ENUM_CONVERSION = YES;
				CLANG_WARN_INFINITE_RECURSION = YES;
				CLANG_WARN_INT_CONVERSION = YES;
				CLANG_WARN_NON_LITERAL_NULL_CONVERSION = YES;
				CLANG_WARN_OBJC_IMPLICIT_RETAIN_SELF = YES;
				CLANG_WARN_OBJC_LITERAL_CONVERSION = YES;
				CLANG_WARN_OBJC_ROOT_CLASS = YES_ERROR;
				CLANG_WARN_QUOTED_INCLUDE_IN_FRAMEWORK_HEADER = YES;
				CLANG_WARN_RANGE_LOOP_ANALYSIS = YES;
				CLANG_WARN_STRICT_PROTOTYPES = YES;
				CLANG_WARN_SUSPICIOUS_MOVE = YES;
				CLANG_WARN_UNGUARDED_AVAILABILITY = YES_AGGRESSIVE;
				CLANG_WARN_UNREACHABLE_CODE = YES;
				CLANG_WARN__DUPLICATE_METHOD_MATCH = YES;
				COPY_PHASE_STRIP = NO;
				DEBUG_INFORMATION_FORMAT = dwarf;
				ENABLE_STRICT_OBJC_MSGSEND = YES;
				ENABLE_TESTABILITY = YES;
				GCC_C_LANGUAGE_STANDARD = gnu11;
				GCC_DYNAMIC_NO_PIC = NO;
				GCC_NO_COMMON_BLOCKS = YES;
				GCC_OPTIMIZATION_LEVEL = 0;
				GCC_PREPROCESSOR_DEFINITIONS = (
					"DEBUG=1",
					"$(inherited)",
				);
				GCC_WARN_64_TO_32_BIT_CONVERSION = YES;
				GCC_WARN_ABOUT_RETURN_TYPE = YES_ERROR;
				GCC_WARN_UNDECLARED_SELECTOR = YES;
				GCC_WARN_UNINITIALIZED_AUTOS = YES_AGGRESSIVE;
				GCC_WARN_UNUSED_FUNCTION = YES;
				GCC_WARN_UNUSED_VARIABLE = YES;
				IPHONEOS_DEPLOYMENT_TARGET = 16.2;
				MTL_ENABLE_DEBUG_INFO = INCLUDE_SOURCE;
				MTL_FAST_MATH = YES;
				ONLY_ACTIVE_ARCH = YES;
				SDKROOT = iphoneos;
				SWIFT_ACTIVE_COMPILATION_CONDITIONS = DEBUG;
				SWIFT_OPTIMIZATION_LEVEL = "-Onone";
			};
			name = Debug;
		};
		E2FAFBF029C02756002E931B /* Release */ = {
			isa = XCBuildConfiguration;
			baseConfigurationReference = E2FAFC2B29C0283B002E931B /* Release.xcconfig */;
			buildSettings = {
				ALWAYS_SEARCH_USER_PATHS = NO;
				CLANG_ANALYZER_NONNULL = YES;
				CLANG_ANALYZER_NUMBER_OBJECT_CONVERSION = YES_AGGRESSIVE;
				CLANG_CXX_LANGUAGE_STANDARD = "gnu++20";
				CLANG_ENABLE_MODULES = YES;
				CLANG_ENABLE_OBJC_ARC = YES;
				CLANG_ENABLE_OBJC_WEAK = YES;
				CLANG_WARN_BLOCK_CAPTURE_AUTORELEASING = YES;
				CLANG_WARN_BOOL_CONVERSION = YES;
				CLANG_WARN_COMMA = YES;
				CLANG_WARN_CONSTANT_CONVERSION = YES;
				CLANG_WARN_DEPRECATED_OBJC_IMPLEMENTATIONS = YES;
				CLANG_WARN_DIRECT_OBJC_ISA_USAGE = YES_ERROR;
				CLANG_WARN_DOCUMENTATION_COMMENTS = YES;
				CLANG_WARN_EMPTY_BODY = YES;
				CLANG_WARN_ENUM_CONVERSION = YES;
				CLANG_WARN_INFINITE_RECURSION = YES;
				CLANG_WARN_INT_CONVERSION = YES;
				CLANG_WARN_NON_LITERAL_NULL_CONVERSION = YES;
				CLANG_WARN_OBJC_IMPLICIT_RETAIN_SELF = YES;
				CLANG_WARN_OBJC_LITERAL_CONVERSION = YES;
				CLANG_WARN_OBJC_ROOT_CLASS = YES_ERROR;
				CLANG_WARN_QUOTED_INCLUDE_IN_FRAMEWORK_HEADER = YES;
				CLANG_WARN_RANGE_LOOP_ANALYSIS = YES;
				CLANG_WARN_STRICT_PROTOTYPES = YES;
				CLANG_WARN_SUSPICIOUS_MOVE = YES;
				CLANG_WARN_UNGUARDED_AVAILABILITY = YES_AGGRESSIVE;
				CLANG_WARN_UNREACHABLE_CODE = YES;
				CLANG_WARN__DUPLICATE_METHOD_MATCH = YES;
				COPY_PHASE_STRIP = NO;
				DEBUG_INFORMATION_FORMAT = "dwarf-with-dsym";
				ENABLE_NS_ASSERTIONS = NO;
				ENABLE_STRICT_OBJC_MSGSEND = YES;
				GCC_C_LANGUAGE_STANDARD = gnu11;
				GCC_NO_COMMON_BLOCKS = YES;
				GCC_WARN_64_TO_32_BIT_CONVERSION = YES;
				GCC_WARN_ABOUT_RETURN_TYPE = YES_ERROR;
				GCC_WARN_UNDECLARED_SELECTOR = YES;
				GCC_WARN_UNINITIALIZED_AUTOS = YES_AGGRESSIVE;
				GCC_WARN_UNUSED_FUNCTION = YES;
				GCC_WARN_UNUSED_VARIABLE = YES;
				IPHONEOS_DEPLOYMENT_TARGET = 16.2;
				MTL_ENABLE_DEBUG_INFO = NO;
				MTL_FAST_MATH = YES;
				SDKROOT = iphoneos;
				SWIFT_COMPILATION_MODE = wholemodule;
				SWIFT_OPTIMIZATION_LEVEL = "-O";
				VALIDATE_PRODUCT = YES;
			};
			name = Release;
		};
		E2FAFBF229C02756002E931B /* Debug */ = {
			isa = XCBuildConfiguration;
			baseConfigurationReference = E2FAFC2A29C0283B002E931B /* Debug.xcconfig */;
			buildSettings = {
				ASSETCATALOG_COMPILER_APPICON_NAME = AppIcon;
				ASSETCATALOG_COMPILER_GLOBAL_ACCENT_COLOR_NAME = AccentColor;
				CODE_SIGN_STYLE = Automatic;
				CURRENT_PROJECT_VERSION = 1;
				DEVELOPMENT_ASSET_PATHS = "\"EasyCharging/Preview Content\"";
				DEVELOPMENT_TEAM = C4VP7J3283;
				ENABLE_PREVIEWS = YES;
				GENERATE_INFOPLIST_FILE = YES;
				INFOPLIST_FILE = EasyCharging/Info.plist;
				INFOPLIST_KEY_UIApplicationSceneManifest_Generation = YES;
				INFOPLIST_KEY_UIApplicationSupportsIndirectInputEvents = YES;
				INFOPLIST_KEY_UILaunchScreen_Generation = YES;
				INFOPLIST_KEY_UISupportedInterfaceOrientations_iPad = "UIInterfaceOrientationPortrait UIInterfaceOrientationPortraitUpsideDown UIInterfaceOrientationLandscapeLeft UIInterfaceOrientationLandscapeRight";
				INFOPLIST_KEY_UISupportedInterfaceOrientations_iPhone = "UIInterfaceOrientationPortrait UIInterfaceOrientationLandscapeLeft UIInterfaceOrientationLandscapeRight";
				LD_RUNPATH_SEARCH_PATHS = (
					"$(inherited)",
					"@executable_path/Frameworks",
				);
				MARKETING_VERSION = 1.0;
				PRODUCT_BUNDLE_IDENTIFIER = com.easycharging.app;
				PRODUCT_NAME = "$(TARGET_NAME)";
				SWIFT_EMIT_LOC_STRINGS = YES;
				SWIFT_VERSION = 5.0;
				TARGETED_DEVICE_FAMILY = "1,2";
			};
			name = Debug;
		};
		E2FAFBF329C02756002E931B /* Release */ = {
			isa = XCBuildConfiguration;
			baseConfigurationReference = E2FAFC2B29C0283B002E931B /* Release.xcconfig */;
			buildSettings = {
				ASSETCATALOG_COMPILER_APPICON_NAME = AppIcon;
				ASSETCATALOG_COMPILER_GLOBAL_ACCENT_COLOR_NAME = AccentColor;
				CODE_SIGN_STYLE = Automatic;
				CURRENT_PROJECT_VERSION = 1;
				DEVELOPMENT_ASSET_PATHS = "\"EasyCharging/Preview Content\"";
				DEVELOPMENT_TEAM = C4VP7J3283;
				ENABLE_PREVIEWS = YES;
				GENERATE_INFOPLIST_FILE = YES;
				INFOPLIST_FILE = EasyCharging/Info.plist;
				INFOPLIST_KEY_UIApplicationSceneManifest_Generation = YES;
				INFOPLIST_KEY_UIApplicationSupportsIndirectInputEvents = YES;
				INFOPLIST_KEY_UILaunchScreen_Generation = YES;
				INFOPLIST_KEY_UISupportedInterfaceOrientations_iPad = "UIInterfaceOrientationPortrait UIInterfaceOrientationPortraitUpsideDown UIInterfaceOrientationLandscapeLeft UIInterfaceOrientationLandscapeRight";
				INFOPLIST_KEY_UISupportedInterfaceOrientations_iPhone = "UIInterfaceOrientationPortrait UIInterfaceOrientationLandscapeLeft UIInterfaceOrientationLandscapeRight";
				LD_RUNPATH_SEARCH_PATHS = (
					"$(inherited)",
					"@executable_path/Frameworks",
				);
				MARKETING_VERSION = 1.0;
				PRODUCT_BUNDLE_IDENTIFIER = com.easycharging.app;
				PRODUCT_NAME = "$(TARGET_NAME)";
				SWIFT_EMIT_LOC_STRINGS = YES;
				SWIFT_VERSION = 5.0;
				TARGETED_DEVICE_FAMILY = "1,2";
			};
			name = Release;
		};
/* End XCBuildConfiguration section */

/* Begin XCConfigurationList section */
		E2FAFBDE29C02754002E931B /* Build configuration list for PBXProject "EasyCharging" */ = {
			isa = XCConfigurationList;
			buildConfigurations = (
				E2FAFBEF29C02756002E931B /* Debug */,
				E2FAFBF029C02756002E931B /* Release */,
			);
			defaultConfigurationIsVisible = 0;
			defaultConfigurationName = Release;
		};
		E2FAFBF129C02756002E931B /* Build configuration list for PBXNativeTarget "EasyCharging" */ = {
			isa = XCConfigurationList;
			buildConfigurations = (
				E2FAFBF229C02756002E931B /* Debug */,
				E2FAFBF329C02756002E931B /* Release */,
			);
			defaultConfigurationIsVisible = 0;
			defaultConfigurationName = Release;
		};
/* End XCConfigurationList section */

/* Begin XCRemoteSwiftPackageReference section */
		E2B5CA6829CAE7940005C89F /* XCRemoteSwiftPackageReference "Kingfisher" */ = {
			isa = XCRemoteSwiftPackageReference;
			repositoryURL = "https://github.com/onevcat/Kingfisher";
			requirement = {
				branch = master;
				kind = branch;
			};
		};
		E2FAFC4029C02910002E931B /* XCRemoteSwiftPackageReference "KeychainAccess" */ = {
			isa = XCRemoteSwiftPackageReference;
			repositoryURL = "https://github.com/kishikawakatsumi/KeychainAccess.git";
			requirement = {
				branch = master;
				kind = branch;
			};
		};
/* End XCRemoteSwiftPackageReference section */

/* Begin XCSwiftPackageProductDependency section */
		E2B5CA6929CAE7940005C89F /* Kingfisher */ = {
			isa = XCSwiftPackageProductDependency;
			package = E2B5CA6829CAE7940005C89F /* XCRemoteSwiftPackageReference "Kingfisher" */;
			productName = Kingfisher;
		};
		E2FAFC4129C02910002E931B /* KeychainAccess */ = {
			isa = XCSwiftPackageProductDependency;
			package = E2FAFC4029C02910002E931B /* XCRemoteSwiftPackageReference "KeychainAccess" */;
			productName = KeychainAccess;
		};
/* End XCSwiftPackageProductDependency section */
	};
	rootObject = E2FAFBDB29C02754002E931B /* Project object */;
}
